<?xml version="1.0" encoding="utf-8"?>
<Project ToolsVersion="4.0" xmlns="http://schemas.microsoft.com/developer/msbuild/2003">
  <ItemGroup>
    <Filter Include="Source Files">
      <UniqueIdentifier>{4FC737F1-C7A5-4376-A066-2A32D752A2FF}</UniqueIdentifier>
      <Extensions>cpp;c;cc;cxx;c++;cppm;ixx;def;odl;idl;hpj;bat;asm;asmx</Extensions>
    </Filter>
    <Filter Include="Header Files">
      <UniqueIdentifier>{93995380-89BD-4b04-88EB-625FBE52EBFB}</UniqueIdentifier>
      <Extensions>h;hh;hpp;hxx;h++;hm;inl;inc;ipp;xsd</Extensions>
    </Filter>
    <Filter Include="Resource Files">
      <UniqueIdentifier>{67DA6AB6-F800-4c08-8B7A-83BB121AAD01}</UniqueIdentifier>
      <Extensions>rc;ico;cur;bmp;dlg;rc2;rct;bin;rgs;gif;jpg;jpeg;jpe;resx;tiff;tif;png;wav;mfcribbon-ms</Extensions>
    </Filter>
  </ItemGroup>
  <ItemGroup>
    <ClInclude Include="pch.h">
      <Filter>Header Files</Filter>
    </ClInclude>
    <ClInclude Include="EngineAPI.h">
      <Filter>Header Files</Filter>
    </ClInclude>
    <ClInclude Include="include\engine\knight_engine.h">
      <Filter>Header Files</Filter>
    </ClInclude>
    <ClInclude Include="include\engine\windows_manager\windows_manager.h">
      <Filter>Header Files</Filter>
    </ClInclude>
    <ClInclude Include="include\engine\system\interface\interface_manager.h">
      <Filter>Header Files</Filter>
    </ClInclude>
    <ClInclude Include="include\engine\windows_manager\inputs\keyboard_inputs.h">
      <Filter>Header Files</Filter>
    </ClInclude>
    <ClInclude Include="include\engine\windows_manager\inputs\mouse_inputs.h">
      <Filter>Header Files</Filter>
    </ClInclude>
    <ClInclude Include="include\engine\system\exception\base_exception.h">
      <Filter>Header Files</Filter>
    </ClInclude>
    <ClInclude Include="include\engine\system\exception\win_exception.h">
      <Filter>Header Files</Filter>
    </ClInclude>
    <ClInclude Include="include\engine\utils\helpers.h">
      <Filter>Header Files</Filter>
    </ClInclude>
    <ClInclude Include="include\engine\utils\logger.h">
      <Filter>Header Files</Filter>
    </ClInclude>
    <ClInclude Include="include\engine\utils\file_system.h">
      <Filter>Header Files</Filter>
    </ClInclude>
    <ClInclude Include="include\engine\system\common_types.h">
      <Filter>Header Files</Filter>
    </ClInclude>
    <ClInclude Include="include\engine\system\event_system\event_queue.h">
      <Filter>Header Files</Filter>
    </ClInclude>
    <ClInclude Include="include\engine\system\event_system\windows_events.h">
      <Filter>Header Files</Filter>
    </ClInclude>
    <ClInclude Include="include\engine\system\dependency_resolver.h">
      <Filter>Header Files</Filter>
    </ClInclude>
    <ClInclude Include="include\engine\system\timer.h">
      <Filter>Header Files</Filter>
    </ClInclude>
    <ClInclude Include="include\engine\render_manager\render_manager.h">
      <Filter>Header Files</Filter>
    </ClInclude>
    <ClInclude Include="include\engine\render_manager\components\factory.h">
      <Filter>Header Files</Filter>
    </ClInclude>
    <ClInclude Include="include\engine\system\exception\dx_exception.h">
      <Filter>Header Files</Filter>
    </ClInclude>
    <ClInclude Include="include\engine\render_manager\components\device.h">
      <Filter>Header Files</Filter>
    </ClInclude>
    <ClInclude Include="include\engine\render_manager\components\adapter.h">
      <Filter>Header Files</Filter>
    </ClInclude>
    <ClInclude Include="include\engine\render_manager\components\monitor.h">
      <Filter>Header Files</Filter>
    </ClInclude>
    <ClInclude Include="include\engine\render_manager\components\swap_chain.h">
      <Filter>Header Files</Filter>
    </ClInclude>
    <ClInclude Include="include\engine\render_manager\queue\graphics_queue.h">
      <Filter>Header Files</Filter>
    </ClInclude>
    <ClInclude Include="include\engine\render_manager\queue\compute_queue.h">
      <Filter>Header Files</Filter>
    </ClInclude>
    <ClInclude Include="include\engine\render_manager\queue\copy_queue.h">
      <Filter>Header Files</Filter>
    </ClInclude>
    <ClInclude Include="include\engine\render_manager\commands\command_allocator.h">
      <Filter>Header Files</Filter>
    </ClInclude>
    <ClInclude Include="include\engine\system\key_generator.h">
      <Filter>Header Files</Filter>
    </ClInclude>
    <ClInclude Include="include\engine\render_manager\pool\allocator_pool.h">
      <Filter>Header Files</Filter>
    </ClInclude>
    <ClInclude Include="include\engine\core.h">
      <Filter>Header Files</Filter>
    </ClInclude>
    <ClInclude Include="include\engine\render_manager\commands\graphics_list.h">
      <Filter>Header Files</Filter>
    </ClInclude>
    <ClInclude Include="include\engine\render_manager\commands\compute_list.h">
      <Filter>Header Files</Filter>
    </ClInclude>
    <ClInclude Include="include\engine\render_manager\commands\types.h">
      <Filter>Header Files</Filter>
    </ClInclude>
    <ClInclude Include="include\engine\render_manager\commands\copy_list.h">
      <Filter>Header Files</Filter>
    </ClInclude>
    <ClInclude Include="include\engine\render_manager\heap\heap_rtv.h">
      <Filter>Header Files</Filter>
    </ClInclude>
  </ItemGroup>
  <ItemGroup>
    <ClCompile Include="dllmain.cpp">
      <Filter>Source Files</Filter>
    </ClCompile>
    <ClCompile Include="pch.cpp">
      <Filter>Source Files</Filter>
    </ClCompile>
    <ClCompile Include="src\knight_engine.cpp">
      <Filter>Source Files</Filter>
    </ClCompile>
    <ClCompile Include="src\windows_manager\windows_manager.cpp">
      <Filter>Source Files</Filter>
    </ClCompile>
    <ClCompile Include="src\windows_manager\keyboard_inputs.cpp">
      <Filter>Source Files</Filter>
    </ClCompile>
    <ClCompile Include="src\windows_manager\mouse_inputs.cpp">
      <Filter>Source Files</Filter>
    </ClCompile>
    <ClCompile Include="src\utils\helpers.cpp">
      <Filter>Source Files</Filter>
    </ClCompile>
    <ClCompile Include="src\utils\logger.cpp">
      <Filter>Source Files</Filter>
    </ClCompile>
    <ClCompile Include="src\utils\file_system.cpp">
      <Filter>Source Files</Filter>
    </ClCompile>
    <ClCompile Include="src\system\event_queue.cpp">
      <Filter>Source Files</Filter>
    </ClCompile>
    <ClCompile Include="src\system\dependency_resolver.cpp">
      <Filter>Source Files</Filter>
    </ClCompile>
    <ClCompile Include="src\system\timer.cpp">
      <Filter>Source Files</Filter>
    </ClCompile>
    <ClCompile Include="src\render_manager\render_manager.cpp">
      <Filter>Source Files</Filter>
    </ClCompile>
    <ClCompile Include="src\render_manager\components\factory.cpp">
      <Filter>Source Files</Filter>
    </ClCompile>
    <ClCompile Include="src\render_manager\components\device.cpp">
      <Filter>Source Files</Filter>
    </ClCompile>
    <ClCompile Include="src\render_manager\components\adapter.cpp">
      <Filter>Source Files</Filter>
    </ClCompile>
    <ClCompile Include="src\render_manager\components\monitor.cpp">
      <Filter>Source Files</Filter>
    </ClCompile>
    <ClCompile Include="src\render_manager\components\swap_chain.cpp">
      <Filter>Source Files</Filter>
    </ClCompile>
    <ClCompile Include="src\render_manager\queue\graphics_queue.cpp">
      <Filter>Source Files</Filter>
    </ClCompile>
    <ClCompile Include="src\render_manager\queue\compute_queue.cpp">
      <Filter>Source Files</Filter>
    </ClCompile>
    <ClCompile Include="src\render_manager\queue\copy_queue.cpp">
      <Filter>Source Files</Filter>
    </ClCompile>
    <ClCompile Include="src\render_manager\command\command_allocator.cpp">
      <Filter>Source Files</Filter>
    </ClCompile>
    <ClCompile Include="src\system\key_generator.cpp">
      <Filter>Source Files</Filter>
    </ClCompile>
    <ClCompile Include="src\render_manager\pool\allocator_pool.cpp">
      <Filter>Source Files</Filter>
    </ClCompile>
    <ClCompile Include="src\render_manager\command\graphics_list.cpp">
      <Filter>Source Files</Filter>
    </ClCompile>
    <ClCompile Include="src\render_manager\command\compute_list.cpp">
      <Filter>Source Files</Filter>
    </ClCompile>
    <ClCompile Include="src\render_manager\command\copy_list.cpp">
      <Filter>Source Files</Filter>
    </ClCompile>
    <ClCompile Include="src\render_manager\heap\heap_rtv.cpp">
      <Filter>Source Files</Filter>
    </ClCompile>
    <ClCompile Include="src\system\exception\win_exception.cpp">
      <Filter>Source Files</Filter>
    </ClCompile>
    <ClCompile Include="src\system\exception\base_exception.cpp">
      <Filter>Source Files</Filter>
    </ClCompile>
    <ClCompile Include="src\system\exception\dx_exception.cpp">
      <Filter>Source Files</Filter>
    </ClCompile>
  </ItemGroup>
  <ItemGroup>
    <None Include="cpp.hint" />
  </ItemGroup>
</Project>