<?xml version="1.0" encoding="utf-8"?>
<Project ToolsVersion="4.0" xmlns="http://schemas.microsoft.com/developer/msbuild/2003">
  <ItemGroup>
    <Filter Include="Source Files">
      <UniqueIdentifier>{4FC737F1-C7A5-4376-A066-2A32D752A2FF}</UniqueIdentifier>
      <Extensions>cpp;c;cc;cxx;c++;cppm;ixx;def;odl;idl;hpj;bat;asm;asmx</Extensions>
    </Filter>
    <Filter Include="Header Files">
      <UniqueIdentifier>{93995380-89BD-4b04-88EB-625FBE52EBFB}</UniqueIdentifier>
      <Extensions>h;hh;hpp;hxx;h++;hm;inl;inc;ipp;xsd</Extensions>
    </Filter>
    <Filter Include="Resource Files">
      <UniqueIdentifier>{67DA6AB6-F800-4c08-8B7A-83BB121AAD01}</UniqueIdentifier>
      <Extensions>rc;ico;cur;bmp;dlg;rc2;rct;bin;rgs;gif;jpg;jpeg;jpe;resx;tiff;tif;png;wav;mfcribbon-ms</Extensions>
    </Filter>
  </ItemGroup>
  <ItemGroup>
    <ClInclude Include="framework.h">
      <Filter>Header Files</Filter>
    </ClInclude>
    <ClInclude Include="pch.h">
      <Filter>Header Files</Filter>
    </ClInclude>
    <ClInclude Include="EngineAPI.h">
      <Filter>Header Files</Filter>
    </ClInclude>
    <ClInclude Include="include\engine\knight_engine.h">
      <Filter>Header Files</Filter>
    </ClInclude>
    <ClInclude Include="include\engine\windows_manager\windows_manager.h">
      <Filter>Header Files</Filter>
    </ClInclude>
    <ClInclude Include="include\engine\core\interface\interface_manager.h">
      <Filter>Header Files</Filter>
    </ClInclude>
    <ClInclude Include="include\engine\windows_manager\inputs\keyboard_inputs.h">
      <Filter>Header Files</Filter>
    </ClInclude>
    <ClInclude Include="include\engine\windows_manager\inputs\mouse_inputs.h">
      <Filter>Header Files</Filter>
    </ClInclude>
    <ClInclude Include="include\engine\core\exception\base_exception.h">
      <Filter>Header Files</Filter>
    </ClInclude>
    <ClInclude Include="include\engine\core\exception\win_exception.h">
      <Filter>Header Files</Filter>
    </ClInclude>
    <ClInclude Include="include\engine\utils\helpers.h">
      <Filter>Header Files</Filter>
    </ClInclude>
    <ClInclude Include="include\engine\utils\logger\logger.h">
      <Filter>Header Files</Filter>
    </ClInclude>
    <ClInclude Include="include\engine\utils\file_system\file_system.h">
      <Filter>Header Files</Filter>
    </ClInclude>
    <ClInclude Include="include\engine\core\common_types.h">
      <Filter>Header Files</Filter>
    </ClInclude>
    <ClInclude Include="include\engine\core\event_system\queue\event_queue.h">
      <Filter>Header Files</Filter>
    </ClInclude>
    <ClInclude Include="include\engine\core\event_system\events\windows_events.h">
      <Filter>Header Files</Filter>
    </ClInclude>
    <ClInclude Include="include\engine\core\dependency\dependency_resolver.h">
      <Filter>Header Files</Filter>
    </ClInclude>
    <ClInclude Include="include\engine\core\time\timer.h">
      <Filter>Header Files</Filter>
    </ClInclude>
    <ClInclude Include="include\engine\render_manager\render_manager.h">
      <Filter>Header Files</Filter>
    </ClInclude>
    <ClInclude Include="include\engine\render_manager\components\factory\factory.h">
      <Filter>Header Files</Filter>
    </ClInclude>
    <ClInclude Include="include\engine\core\exception\dx_exception.h">
      <Filter>Header Files</Filter>
    </ClInclude>
    <ClInclude Include="include\engine\render_manager\components\device\device.h">
      <Filter>Header Files</Filter>
    </ClInclude>
    <ClInclude Include="include\engine\render_manager\components\adapter\adapter.h">
      <Filter>Header Files</Filter>
    </ClInclude>
    <ClInclude Include="include\engine\render_manager\components\monitor\monitor.h">
      <Filter>Header Files</Filter>
    </ClInclude>
    <ClInclude Include="include\engine\render_manager\components\swap_chain\swap_chain.h">
      <Filter>Header Files</Filter>
    </ClInclude>
    <ClInclude Include="include\engine\render_manager\memory_management\commands\command_queue\graphics_queue\graphics_queue.h">
      <Filter>Header Files</Filter>
    </ClInclude>
    <ClInclude Include="include\engine\render_manager\memory_management\commands\command_queue\compute_queue\compute_queue.h">
      <Filter>Header Files</Filter>
    </ClInclude>
    <ClInclude Include="include\engine\render_manager\memory_management\commands\command_queue\copy_queue\copy_queue.h">
      <Filter>Header Files</Filter>
    </ClInclude>
    <ClInclude Include="include\engine\render_manager\memory_management\commands\command_allocator\command_allocator.h">
      <Filter>Header Files</Filter>
    </ClInclude>
    <ClInclude Include="include\engine\core\key_generator\key_generator.h">
      <Filter>Header Files</Filter>
    </ClInclude>
    <ClInclude Include="include\engine\render_manager\memory_management\pool\allocator_pool\allocator_pool.h">
      <Filter>Header Files</Filter>
    </ClInclude>
    <ClInclude Include="include\engine\core\core.h">
      <Filter>Header Files</Filter>
    </ClInclude>
    <ClInclude Include="include\engine\render_manager\memory_management\commands\command_list\graphics_list\graphics_list.h">
      <Filter>Header Files</Filter>
    </ClInclude>
  </ItemGroup>
  <ItemGroup>
    <ClCompile Include="dllmain.cpp">
      <Filter>Source Files</Filter>
    </ClCompile>
    <ClCompile Include="pch.cpp">
      <Filter>Source Files</Filter>
    </ClCompile>
    <ClCompile Include="include\engine\knight_engine.cpp">
      <Filter>Source Files</Filter>
    </ClCompile>
    <ClCompile Include="include\engine\windows_manager\windows_manager.cpp">
      <Filter>Source Files</Filter>
    </ClCompile>
    <ClCompile Include="include\engine\windows_manager\inputs\keyboard_inputs.cpp">
      <Filter>Source Files</Filter>
    </ClCompile>
    <ClCompile Include="include\engine\windows_manager\inputs\mouse_inputs.cpp">
      <Filter>Source Files</Filter>
    </ClCompile>
    <ClCompile Include="include\engine\utils\helpers.cpp">
      <Filter>Source Files</Filter>
    </ClCompile>
    <ClCompile Include="include\engine\utils\logger\logger.cpp">
      <Filter>Source Files</Filter>
    </ClCompile>
    <ClCompile Include="include\engine\utils\file_system\file_system.cpp">
      <Filter>Source Files</Filter>
    </ClCompile>
    <ClCompile Include="include\engine\core\event_system\queue\event_queue.cpp">
      <Filter>Source Files</Filter>
    </ClCompile>
    <ClCompile Include="include\engine\core\dependency\dependency_resolver.cpp">
      <Filter>Source Files</Filter>
    </ClCompile>
    <ClCompile Include="include\engine\core\time\timer.cpp">
      <Filter>Source Files</Filter>
    </ClCompile>
    <ClCompile Include="include\engine\render_manager\render_manager.cpp">
      <Filter>Source Files</Filter>
    </ClCompile>
    <ClCompile Include="include\engine\render_manager\components\factory\factory.cpp">
      <Filter>Source Files</Filter>
    </ClCompile>
    <ClCompile Include="include\engine\render_manager\components\device\device.cpp">
      <Filter>Source Files</Filter>
    </ClCompile>
    <ClCompile Include="include\engine\render_manager\components\adapter\adapter.cpp">
      <Filter>Source Files</Filter>
    </ClCompile>
    <ClCompile Include="include\engine\render_manager\components\monitor\monitor.cpp">
      <Filter>Source Files</Filter>
    </ClCompile>
    <ClCompile Include="include\engine\render_manager\components\swap_chain\swap_chain.cpp">
      <Filter>Source Files</Filter>
    </ClCompile>
    <ClCompile Include="include\engine\render_manager\memory_management\commands\command_queue\graphics_queue\graphics_queue.cpp">
      <Filter>Source Files</Filter>
    </ClCompile>
    <ClCompile Include="include\engine\render_manager\memory_management\commands\command_queue\compute_queue\compute_queue.cpp">
      <Filter>Source Files</Filter>
    </ClCompile>
    <ClCompile Include="include\engine\render_manager\memory_management\commands\command_queue\copy_queue\copy_queue.cpp">
      <Filter>Source Files</Filter>
    </ClCompile>
    <ClCompile Include="include\engine\render_manager\memory_management\commands\command_allocator\command_allocator.cpp">
      <Filter>Source Files</Filter>
    </ClCompile>
    <ClCompile Include="include\engine\core\key_generator\key_generator.cpp">
      <Filter>Source Files</Filter>
    </ClCompile>
    <ClCompile Include="include\engine\render_manager\memory_management\pool\allocator_pool\allocator_pool.cpp">
      <Filter>Source Files</Filter>
    </ClCompile>
    <ClCompile Include="include\engine\render_manager\memory_management\commands\command_list\graphics_list\graphics_list.cpp">
      <Filter>Source Files</Filter>
    </ClCompile>
  </ItemGroup>
  <ItemGroup>
    <None Include="cpp.hint" />
  </ItemGroup>
</Project>